
Microsoft Visual Studio Solution File, Format Version 12.00
# Visual Studio Version 17
VisualStudioVersion = 17.0.31903.59
MinimumVisualStudioVersion = 10.0.40219.1
Project("{FAE04EC0-301F-11D3-BF4B-00C04F79EFBC}") = "Taye.Shared", "Taye.Shared\Taye.Shared.csproj", "{1F099163-AF45-4547-A13A-8029CF520556}"
EndProject
Project("{FAE04EC0-301F-11D3-BF4B-00C04F79EFBC}") = "Taye.WebAPI", "Taye.WebAPI\Taye.WebAPI.csproj", "{538DC2E0-8B7A-4395-9106-C73C21334B82}"
EndProject
Project("{FAE04EC0-301F-11D3-BF4B-00C04F79EFBC}") = "Taye.MAUI", "Taye.MAUI\Taye.MAUI.csproj", "{FD09C9A2-1CA6-41BF-B9D6-0241FA57D684}"
EndProject
Global
	GlobalSection(SolutionConfigurationPlatforms) = preSolution
		Debug|Any CPU = Debug|Any CPU
		Release|Any CPU = Release|Any CPU
	EndGlobalSection
	GlobalSection(SolutionProperties) = preSolution
		HideSolutionNode = FALSE
	EndGlobalSection
	GlobalSection(ProjectConfigurationPlatforms) = postSolution
		{1F099163-AF45-4547-A13A-8029CF520556}.Debug|Any CPU.ActiveCfg = Debug|Any CPU
		{1F099163-AF45-4547-A13A-8029CF520556}.Debug|Any CPU.Build.0 = Debug|Any CPU
		{1F099163-AF45-4547-A13A-8029CF520556}.Release|Any CPU.ActiveCfg = Release|Any CPU
		{1F099163-AF45-4547-A13A-8029CF520556}.Release|Any CPU.Build.0 = Release|Any CPU
		{538DC2E0-8B7A-4395-9106-C73C21334B82}.Debug|Any CPU.ActiveCfg = Debug|Any CPU
		{538DC2E0-8B7A-4395-9106-C73C21334B82}.Debug|Any CPU.Build.0 = Debug|Any CPU
		{538DC2E0-8B7A-4395-9106-C73C21334B82}.Release|Any CPU.ActiveCfg = Release|Any CPU
		{538DC2E0-8B7A-4395-9106-C73C21334B82}.Release|Any CPU.Build.0 = Release|Any CPU
		{FD09C9A2-1CA6-41BF-B9D6-0241FA57D684}.Debug|Any CPU.ActiveCfg = Debug|Any CPU
		{FD09C9A2-1CA6-41BF-B9D6-0241FA57D684}.Debug|Any CPU.Build.0 = Debug|Any CPU
		{FD09C9A2-1CA6-41BF-B9D6-0241FA57D684}.Release|Any CPU.ActiveCfg = Release|Any CPU
		{FD09C9A2-1CA6-41BF-B9D6-0241FA57D684}.Release|Any CPU.Build.0 = Release|Any CPU
	EndGlobalSection
EndGlobal
